// !$*UTF8*$!
{
	archiveVersion = 1;
	classes = {
	};
	objectVersion = 50;
	objects = {

/* Begin PBXBuildFile section */
		1A2634F024A4C589006E2403 /* Tests_iOS.swift in Sources */ = {isa = PBXBuildFile; fileRef = 1A2634EF24A4C589006E2403 /* Tests_iOS.swift */; };
		1A2634FB24A4C589006E2403 /* Tests_macOS.swift in Sources */ = {isa = PBXBuildFile; fileRef = 1A2634FA24A4C589006E2403 /* Tests_macOS.swift */; };
		1A2634FD24A4C589006E2403 /* PunchCardApp.swift in Sources */ = {isa = PBXBuildFile; fileRef = 1A2634D424A4C588006E2403 /* PunchCardApp.swift */; };
		1A2634FE24A4C589006E2403 /* PunchCardApp.swift in Sources */ = {isa = PBXBuildFile; fileRef = 1A2634D424A4C588006E2403 /* PunchCardApp.swift */; };
		1A2634FF24A4C589006E2403 /* TimeSheetList.swift in Sources */ = {isa = PBXBuildFile; fileRef = 1A2634D524A4C588006E2403 /* TimeSheetList.swift */; };
		1A26350024A4C589006E2403 /* TimeSheetList.swift in Sources */ = {isa = PBXBuildFile; fileRef = 1A2634D524A4C588006E2403 /* TimeSheetList.swift */; };
		1A26350124A4C589006E2403 /* Assets.xcassets in Resources */ = {isa = PBXBuildFile; fileRef = 1A2634D624A4C589006E2403 /* Assets.xcassets */; };
		1A26350224A4C589006E2403 /* Assets.xcassets in Resources */ = {isa = PBXBuildFile; fileRef = 1A2634D624A4C589006E2403 /* Assets.xcassets */; };
		1A7CD41124A7F37900DB28AA /* CapsuleButton.swift in Sources */ = {isa = PBXBuildFile; fileRef = 1A7CD41024A7F37900DB28AA /* CapsuleButton.swift */; };
		1A7CD41224A7F37900DB28AA /* CapsuleButton.swift in Sources */ = {isa = PBXBuildFile; fileRef = 1A7CD41024A7F37900DB28AA /* CapsuleButton.swift */; };
		1A7CD41424A7F48B00DB28AA /* TrackingView.swift in Sources */ = {isa = PBXBuildFile; fileRef = 1A7CD41324A7F48B00DB28AA /* TrackingView.swift */; };
		1A7CD41524A7F48B00DB28AA /* TrackingView.swift in Sources */ = {isa = PBXBuildFile; fileRef = 1A7CD41324A7F48B00DB28AA /* TrackingView.swift */; };
		1AF75D6124A7E6B200E743F8 /* TimeSheetRow.swift in Sources */ = {isa = PBXBuildFile; fileRef = 1AF75D6024A7E6B200E743F8 /* TimeSheetRow.swift */; };
		1AF75D6224A7E6B200E743F8 /* TimeSheetRow.swift in Sources */ = {isa = PBXBuildFile; fileRef = 1AF75D6024A7E6B200E743F8 /* TimeSheetRow.swift */; };
		1AF75D6424A7E80D00E743F8 /* TimeSheetDetail.swift in Sources */ = {isa = PBXBuildFile; fileRef = 1AF75D6324A7E80D00E743F8 /* TimeSheetDetail.swift */; };
		1AF75D6524A7E80D00E743F8 /* TimeSheetDetail.swift in Sources */ = {isa = PBXBuildFile; fileRef = 1AF75D6324A7E80D00E743F8 /* TimeSheetDetail.swift */; };
		1AF75D6824A7E83C00E743F8 /* TimeSheetProvider.swift in Sources */ = {isa = PBXBuildFile; fileRef = 1AF75D6724A7E83C00E743F8 /* TimeSheetProvider.swift */; };
		1AF75D6924A7E83C00E743F8 /* TimeSheetProvider.swift in Sources */ = {isa = PBXBuildFile; fileRef = 1AF75D6724A7E83C00E743F8 /* TimeSheetProvider.swift */; };
		1AF75D6E24A7E9F600E743F8 /* Sequence+Indexed.swift in Sources */ = {isa = PBXBuildFile; fileRef = 1AF75D6D24A7E9F600E743F8 /* Sequence+Indexed.swift */; };
		1AF75D6F24A7E9F600E743F8 /* Sequence+Indexed.swift in Sources */ = {isa = PBXBuildFile; fileRef = 1AF75D6D24A7E9F600E743F8 /* Sequence+Indexed.swift */; };
/* End PBXBuildFile section */

/* Begin PBXContainerItemProxy section */
		1A2634EC24A4C589006E2403 /* PBXContainerItemProxy */ = {
			isa = PBXContainerItemProxy;
			containerPortal = 1A2634CF24A4C588006E2403 /* Project object */;
			proxyType = 1;
			remoteGlobalIDString = 1A2634DA24A4C589006E2403;
			remoteInfo = iOS;
		};
		1A2634F724A4C589006E2403 /* PBXContainerItemProxy */ = {
			isa = PBXContainerItemProxy;
			containerPortal = 1A2634CF24A4C588006E2403 /* Project object */;
			proxyType = 1;
			remoteGlobalIDString = 1A2634E224A4C589006E2403;
			remoteInfo = macOS;
		};
/* End PBXContainerItemProxy section */

/* Begin PBXFileReference section */
		1A2634D424A4C588006E2403 /* PunchCardApp.swift */ = {isa = PBXFileReference; lastKnownFileType = sourcecode.swift; path = PunchCardApp.swift; sourceTree = "<group>"; };
		1A2634D524A4C588006E2403 /* TimeSheetList.swift */ = {isa = PBXFileReference; lastKnownFileType = sourcecode.swift; path = TimeSheetList.swift; sourceTree = "<group>"; };
		1A2634D624A4C589006E2403 /* Assets.xcassets */ = {isa = PBXFileReference; lastKnownFileType = folder.assetcatalog; path = Assets.xcassets; sourceTree = "<group>"; };
		1A2634DB24A4C589006E2403 /* PunchCard.app */ = {isa = PBXFileReference; explicitFileType = wrapper.application; includeInIndex = 0; path = PunchCard.app; sourceTree = BUILT_PRODUCTS_DIR; };
		1A2634DE24A4C589006E2403 /* Info.plist */ = {isa = PBXFileReference; lastKnownFileType = text.plist.xml; path = Info.plist; sourceTree = "<group>"; };
		1A2634E324A4C589006E2403 /* PunchCard.app */ = {isa = PBXFileReference; explicitFileType = wrapper.application; includeInIndex = 0; path = PunchCard.app; sourceTree = BUILT_PRODUCTS_DIR; };
		1A2634E524A4C589006E2403 /* Info.plist */ = {isa = PBXFileReference; lastKnownFileType = text.plist.xml; path = Info.plist; sourceTree = "<group>"; };
		1A2634E624A4C589006E2403 /* macOS.entitlements */ = {isa = PBXFileReference; lastKnownFileType = text.plist.entitlements; path = macOS.entitlements; sourceTree = "<group>"; };
		1A2634EB24A4C589006E2403 /* Tests iOS.xctest */ = {isa = PBXFileReference; explicitFileType = wrapper.cfbundle; includeInIndex = 0; path = "Tests iOS.xctest"; sourceTree = BUILT_PRODUCTS_DIR; };
		1A2634EF24A4C589006E2403 /* Tests_iOS.swift */ = {isa = PBXFileReference; lastKnownFileType = sourcecode.swift; path = Tests_iOS.swift; sourceTree = "<group>"; };
		1A2634F124A4C589006E2403 /* Info.plist */ = {isa = PBXFileReference; lastKnownFileType = text.plist.xml; path = Info.plist; sourceTree = "<group>"; };
		1A2634F624A4C589006E2403 /* Tests macOS.xctest */ = {isa = PBXFileReference; explicitFileType = wrapper.cfbundle; includeInIndex = 0; path = "Tests macOS.xctest"; sourceTree = BUILT_PRODUCTS_DIR; };
		1A2634FA24A4C589006E2403 /* Tests_macOS.swift */ = {isa = PBXFileReference; lastKnownFileType = sourcecode.swift; path = Tests_macOS.swift; sourceTree = "<group>"; };
		1A2634FC24A4C589006E2403 /* Info.plist */ = {isa = PBXFileReference; lastKnownFileType = text.plist.xml; path = Info.plist; sourceTree = "<group>"; };
		1A7CD41024A7F37900DB28AA /* CapsuleButton.swift */ = {isa = PBXFileReference; lastKnownFileType = sourcecode.swift; path = CapsuleButton.swift; sourceTree = "<group>"; };
		1A7CD41324A7F48B00DB28AA /* TrackingView.swift */ = {isa = PBXFileReference; lastKnownFileType = sourcecode.swift; path = TrackingView.swift; sourceTree = "<group>"; };
		1AF75D6024A7E6B200E743F8 /* TimeSheetRow.swift */ = {isa = PBXFileReference; lastKnownFileType = sourcecode.swift; path = TimeSheetRow.swift; sourceTree = "<group>"; };
		1AF75D6324A7E80D00E743F8 /* TimeSheetDetail.swift */ = {isa = PBXFileReference; lastKnownFileType = sourcecode.swift; path = TimeSheetDetail.swift; sourceTree = "<group>"; };
		1AF75D6724A7E83C00E743F8 /* TimeSheetProvider.swift */ = {isa = PBXFileReference; lastKnownFileType = sourcecode.swift; path = TimeSheetProvider.swift; sourceTree = "<group>"; };
		1AF75D6D24A7E9F600E743F8 /* Sequence+Indexed.swift */ = {isa = PBXFileReference; lastKnownFileType = sourcecode.swift; path = "Sequence+Indexed.swift"; sourceTree = "<group>"; };
/* End PBXFileReference section */

/* Begin PBXFrameworksBuildPhase section */
		1A2634D824A4C589006E2403 /* Frameworks */ = {
			isa = PBXFrameworksBuildPhase;
			buildActionMask = 2147483647;
			files = (
			);
			runOnlyForDeploymentPostprocessing = 0;
		};
		1A2634E024A4C589006E2403 /* Frameworks */ = {
			isa = PBXFrameworksBuildPhase;
			buildActionMask = 2147483647;
			files = (
			);
			runOnlyForDeploymentPostprocessing = 0;
		};
		1A2634E824A4C589006E2403 /* Frameworks */ = {
			isa = PBXFrameworksBuildPhase;
			buildActionMask = 2147483647;
			files = (
			);
			runOnlyForDeploymentPostprocessing = 0;
		};
		1A2634F324A4C589006E2403 /* Frameworks */ = {
			isa = PBXFrameworksBuildPhase;
			buildActionMask = 2147483647;
			files = (
			);
			runOnlyForDeploymentPostprocessing = 0;
		};
/* End PBXFrameworksBuildPhase section */

/* Begin PBXGroup section */
		1A2634CE24A4C588006E2403 = {
			isa = PBXGroup;
			children = (
				1A2634D324A4C588006E2403 /* Shared */,
				1A2634DD24A4C589006E2403 /* iOS */,
				1A2634E424A4C589006E2403 /* macOS */,
				1A2634EE24A4C589006E2403 /* Tests iOS */,
				1A2634F924A4C589006E2403 /* Tests macOS */,
				1A2634DC24A4C589006E2403 /* Products */,
			);
			sourceTree = "<group>";
		};
		1A2634D324A4C588006E2403 /* Shared */ = {
			isa = PBXGroup;
			children = (
				1AF75D6C24A7E9E500E743F8 /* Helpers */,
				1AF75D6B24A7E85D00E743F8 /* Screens */,
				1AF75D6A24A7E85200E743F8 /* Views */,
				1AF75D6624A7E83200E743F8 /* Store */,
				1A2634D424A4C588006E2403 /* PunchCardApp.swift */,
				1A2634D624A4C589006E2403 /* Assets.xcassets */,
			);
			path = Shared;
			sourceTree = "<group>";
		};
		1A2634DC24A4C589006E2403 /* Products */ = {
			isa = PBXGroup;
			children = (
				1A2634DB24A4C589006E2403 /* PunchCard.app */,
				1A2634E324A4C589006E2403 /* PunchCard.app */,
				1A2634EB24A4C589006E2403 /* Tests iOS.xctest */,
				1A2634F624A4C589006E2403 /* Tests macOS.xctest */,
			);
			name = Products;
			sourceTree = "<group>";
		};
		1A2634DD24A4C589006E2403 /* iOS */ = {
			isa = PBXGroup;
			children = (
				1A2634DE24A4C589006E2403 /* Info.plist */,
			);
			path = iOS;
			sourceTree = "<group>";
		};
		1A2634E424A4C589006E2403 /* macOS */ = {
			isa = PBXGroup;
			children = (
				1A2634E524A4C589006E2403 /* Info.plist */,
				1A2634E624A4C589006E2403 /* macOS.entitlements */,
			);
			path = macOS;
			sourceTree = "<group>";
		};
		1A2634EE24A4C589006E2403 /* Tests iOS */ = {
			isa = PBXGroup;
			children = (
				1A2634EF24A4C589006E2403 /* Tests_iOS.swift */,
				1A2634F124A4C589006E2403 /* Info.plist */,
			);
			path = "Tests iOS";
			sourceTree = "<group>";
		};
		1A2634F924A4C589006E2403 /* Tests macOS */ = {
			isa = PBXGroup;
			children = (
				1A2634FA24A4C589006E2403 /* Tests_macOS.swift */,
				1A2634FC24A4C589006E2403 /* Info.plist */,
			);
			path = "Tests macOS";
			sourceTree = "<group>";
		};
		1AF75D6624A7E83200E743F8 /* Store */ = {
			isa = PBXGroup;
			children = (
				1AF75D6724A7E83C00E743F8 /* TimeSheetProvider.swift */,
			);
			path = Store;
			sourceTree = "<group>";
		};
		1AF75D6A24A7E85200E743F8 /* Views */ = {
			isa = PBXGroup;
			children = (
				1AF75D6024A7E6B200E743F8 /* TimeSheetRow.swift */,
				1A7CD41024A7F37900DB28AA /* CapsuleButton.swift */,
				1A7CD41324A7F48B00DB28AA /* TrackingView.swift */,
			);
			path = Views;
			sourceTree = "<group>";
		};
		1AF75D6B24A7E85D00E743F8 /* Screens */ = {
			isa = PBXGroup;
			children = (
				1A2634D524A4C588006E2403 /* TimeSheetList.swift */,
				1AF75D6324A7E80D00E743F8 /* TimeSheetDetail.swift */,
			);
			path = Screens;
			sourceTree = "<group>";
		};
		1AF75D6C24A7E9E500E743F8 /* Helpers */ = {
			isa = PBXGroup;
			children = (
				1AF75D6D24A7E9F600E743F8 /* Sequence+Indexed.swift */,
			);
			path = Helpers;
			sourceTree = "<group>";
		};
/* End PBXGroup section */

/* Begin PBXNativeTarget section */
		1A2634DA24A4C589006E2403 /* iOS */ = {
			isa = PBXNativeTarget;
			buildConfigurationList = 1A26350524A4C589006E2403 /* Build configuration list for PBXNativeTarget "iOS" */;
			buildPhases = (
				1A2634D724A4C589006E2403 /* Sources */,
				1A2634D824A4C589006E2403 /* Frameworks */,
				1A2634D924A4C589006E2403 /* Resources */,
			);
			buildRules = (
			);
			dependencies = (
			);
			name = iOS;
			productName = iOS;
			productReference = 1A2634DB24A4C589006E2403 /* PunchCard.app */;
			productType = "com.apple.product-type.application";
		};
		1A2634E224A4C589006E2403 /* macOS */ = {
			isa = PBXNativeTarget;
			buildConfigurationList = 1A26350824A4C589006E2403 /* Build configuration list for PBXNativeTarget "macOS" */;
			buildPhases = (
				1A2634DF24A4C589006E2403 /* Sources */,
				1A2634E024A4C589006E2403 /* Frameworks */,
				1A2634E124A4C589006E2403 /* Resources */,
			);
			buildRules = (
			);
			dependencies = (
			);
			name = macOS;
			productName = macOS;
			productReference = 1A2634E324A4C589006E2403 /* PunchCard.app */;
			productType = "com.apple.product-type.application";
		};
		1A2634EA24A4C589006E2403 /* Tests iOS */ = {
			isa = PBXNativeTarget;
			buildConfigurationList = 1A26350B24A4C589006E2403 /* Build configuration list for PBXNativeTarget "Tests iOS" */;
			buildPhases = (
				1A2634E724A4C589006E2403 /* Sources */,
				1A2634E824A4C589006E2403 /* Frameworks */,
				1A2634E924A4C589006E2403 /* Resources */,
			);
			buildRules = (
			);
			dependencies = (
				1A2634ED24A4C589006E2403 /* PBXTargetDependency */,
			);
			name = "Tests iOS";
			productName = "Tests iOS";
			productReference = 1A2634EB24A4C589006E2403 /* Tests iOS.xctest */;
			productType = "com.apple.product-type.bundle.ui-testing";
		};
		1A2634F524A4C589006E2403 /* Tests macOS */ = {
			isa = PBXNativeTarget;
			buildConfigurationList = 1A26350E24A4C589006E2403 /* Build configuration list for PBXNativeTarget "Tests macOS" */;
			buildPhases = (
				1A2634F224A4C589006E2403 /* Sources */,
				1A2634F324A4C589006E2403 /* Frameworks */,
				1A2634F424A4C589006E2403 /* Resources */,
			);
			buildRules = (
			);
			dependencies = (
				1A2634F824A4C589006E2403 /* PBXTargetDependency */,
			);
			name = "Tests macOS";
			productName = "Tests macOS";
			productReference = 1A2634F624A4C589006E2403 /* Tests macOS.xctest */;
			productType = "com.apple.product-type.bundle.ui-testing";
		};
/* End PBXNativeTarget section */

/* Begin PBXProject section */
		1A2634CF24A4C588006E2403 /* Project object */ = {
			isa = PBXProject;
			attributes = {
				LastSwiftUpdateCheck = 1200;
				LastUpgradeCheck = 1200;
				TargetAttributes = {
					1A2634DA24A4C589006E2403 = {
						CreatedOnToolsVersion = 12.0;
					};
					1A2634E224A4C589006E2403 = {
						CreatedOnToolsVersion = 12.0;
					};
					1A2634EA24A4C589006E2403 = {
						CreatedOnToolsVersion = 12.0;
						TestTargetID = 1A2634DA24A4C589006E2403;
					};
					1A2634F524A4C589006E2403 = {
						CreatedOnToolsVersion = 12.0;
						TestTargetID = 1A2634E224A4C589006E2403;
					};
				};
			};
			buildConfigurationList = 1A2634D224A4C588006E2403 /* Build configuration list for PBXProject "PunchCard" */;
			compatibilityVersion = "Xcode 9.3";
			developmentRegion = en;
			hasScannedForEncodings = 0;
			knownRegions = (
				en,
				Base,
			);
			mainGroup = 1A2634CE24A4C588006E2403;
			productRefGroup = 1A2634DC24A4C589006E2403 /* Products */;
			projectDirPath = "";
			projectRoot = "";
			targets = (
				1A2634DA24A4C589006E2403 /* iOS */,
				1A2634E224A4C589006E2403 /* macOS */,
				1A2634EA24A4C589006E2403 /* Tests iOS */,
				1A2634F524A4C589006E2403 /* Tests macOS */,
			);
		};
/* End PBXProject section */

/* Begin PBXResourcesBuildPhase section */
		1A2634D924A4C589006E2403 /* Resources */ = {
			isa = PBXResourcesBuildPhase;
			buildActionMask = 2147483647;
			files = (
				1A26350124A4C589006E2403 /* Assets.xcassets in Resources */,
			);
			runOnlyForDeploymentPostprocessing = 0;
		};
		1A2634E124A4C589006E2403 /* Resources */ = {
			isa = PBXResourcesBuildPhase;
			buildActionMask = 2147483647;
			files = (
				1A26350224A4C589006E2403 /* Assets.xcassets in Resources */,
			);
			runOnlyForDeploymentPostprocessing = 0;
		};
		1A2634E924A4C589006E2403 /* Resources */ = {
			isa = PBXResourcesBuildPhase;
			buildActionMask = 2147483647;
			files = (
			);
			runOnlyForDeploymentPostprocessing = 0;
		};
		1A2634F424A4C589006E2403 /* Resources */ = {
			isa = PBXResourcesBuildPhase;
			buildActionMask = 2147483647;
			files = (
			);
			runOnlyForDeploymentPostprocessing = 0;
		};
/* End PBXResourcesBuildPhase section */

/* Begin PBXSourcesBuildPhase section */
		1A2634D724A4C589006E2403 /* Sources */ = {
			isa = PBXSourcesBuildPhase;
			buildActionMask = 2147483647;
			files = (
				1A7CD41124A7F37900DB28AA /* CapsuleButton.swift in Sources */,
				1AF75D6E24A7E9F600E743F8 /* Sequence+Indexed.swift in Sources */,
				1A2634FF24A4C589006E2403 /* TimeSheetList.swift in Sources */,
				1A7CD41424A7F48B00DB28AA /* TrackingView.swift in Sources */,
				1AF75D6124A7E6B200E743F8 /* TimeSheetRow.swift in Sources */,
				1A2634FD24A4C589006E2403 /* PunchCardApp.swift in Sources */,
				1AF75D6824A7E83C00E743F8 /* TimeSheetProvider.swift in Sources */,
				1AF75D6424A7E80D00E743F8 /* TimeSheetDetail.swift in Sources */,
			);
			runOnlyForDeploymentPostprocessing = 0;
		};
		1A2634DF24A4C589006E2403 /* Sources */ = {
			isa = PBXSourcesBuildPhase;
			buildActionMask = 2147483647;
			files = (
				1A7CD41224A7F37900DB28AA /* CapsuleButton.swift in Sources */,
				1AF75D6F24A7E9F600E743F8 /* Sequence+Indexed.swift in Sources */,
				1A26350024A4C589006E2403 /* TimeSheetList.swift in Sources */,
				1A7CD41524A7F48B00DB28AA /* TrackingView.swift in Sources */,
				1AF75D6224A7E6B200E743F8 /* TimeSheetRow.swift in Sources */,
				1A2634FE24A4C589006E2403 /* PunchCardApp.swift in Sources */,
				1AF75D6924A7E83C00E743F8 /* TimeSheetProvider.swift in Sources */,
				1AF75D6524A7E80D00E743F8 /* TimeSheetDetail.swift in Sources */,
			);
			runOnlyForDeploymentPostprocessing = 0;
		};
		1A2634E724A4C589006E2403 /* Sources */ = {
			isa = PBXSourcesBuildPhase;
			buildActionMask = 2147483647;
			files = (
				1A2634F024A4C589006E2403 /* Tests_iOS.swift in Sources */,
			);
			runOnlyForDeploymentPostprocessing = 0;
		};
		1A2634F224A4C589006E2403 /* Sources */ = {
			isa = PBXSourcesBuildPhase;
			buildActionMask = 2147483647;
			files = (
				1A2634FB24A4C589006E2403 /* Tests_macOS.swift in Sources */,
			);
			runOnlyForDeploymentPostprocessing = 0;
		};
/* End PBXSourcesBuildPhase section */

/* Begin PBXTargetDependency section */
		1A2634ED24A4C589006E2403 /* PBXTargetDependency */ = {
			isa = PBXTargetDependency;
			target = 1A2634DA24A4C589006E2403 /* iOS */;
			targetProxy = 1A2634EC24A4C589006E2403 /* PBXContainerItemProxy */;
		};
		1A2634F824A4C589006E2403 /* PBXTargetDependency */ = {
			isa = PBXTargetDependency;
			target = 1A2634E224A4C589006E2403 /* macOS */;
			targetProxy = 1A2634F724A4C589006E2403 /* PBXContainerItemProxy */;
		};
/* End PBXTargetDependency section */

/* Begin XCBuildConfiguration section */
		1A26350324A4C589006E2403 /* Debug */ = {
			isa = XCBuildConfiguration;
			buildSettings = {
				ALWAYS_SEARCH_USER_PATHS = NO;
				CLANG_ANALYZER_NONNULL = YES;
				CLANG_ANALYZER_NUMBER_OBJECT_CONVERSION = YES_AGGRESSIVE;
				CLANG_CXX_LANGUAGE_STANDARD = "gnu++14";
				CLANG_CXX_LIBRARY = "libc++";
				CLANG_ENABLE_MODULES = YES;
				CLANG_ENABLE_OBJC_ARC = YES;
				CLANG_ENABLE_OBJC_WEAK = YES;
				CLANG_WARN_BLOCK_CAPTURE_AUTORELEASING = YES;
				CLANG_WARN_BOOL_CONVERSION = YES;
				CLANG_WARN_COMMA = YES;
				CLANG_WARN_CONSTANT_CONVERSION = YES;
				CLANG_WARN_DEPRECATED_OBJC_IMPLEMENTATIONS = YES;
				CLANG_WARN_DIRECT_OBJC_ISA_USAGE = YES_ERROR;
				CLANG_WARN_DOCUMENTATION_COMMENTS = YES;
				CLANG_WARN_EMPTY_BODY = YES;
				CLANG_WARN_ENUM_CONVERSION = YES;
				CLANG_WARN_INFINITE_RECURSION = YES;
				CLANG_WARN_INT_CONVERSION = YES;
				CLANG_WARN_NON_LITERAL_NULL_CONVERSION = YES;
				CLANG_WARN_OBJC_IMPLICIT_RETAIN_SELF = YES;
				CLANG_WARN_OBJC_LITERAL_CONVERSION = YES;
				CLANG_WARN_OBJC_ROOT_CLASS = YES_ERROR;
				CLANG_WARN_QUOTED_INCLUDE_IN_FRAMEWORK_HEADER = YES;
				CLANG_WARN_RANGE_LOOP_ANALYSIS = YES;
				CLANG_WARN_STRICT_PROTOTYPES = YES;
				CLANG_WARN_SUSPICIOUS_MOVE = YES;
				CLANG_WARN_UNGUARDED_AVAILABILITY = YES_AGGRESSIVE;
				CLANG_WARN_UNREACHABLE_CODE = YES;
				CLANG_WARN__DUPLICATE_METHOD_MATCH = YES;
				COPY_PHASE_STRIP = NO;
				DEBUG_INFORMATION_FORMAT = dwarf;
				ENABLE_STRICT_OBJC_MSGSEND = YES;
				ENABLE_TESTABILITY = YES;
				GCC_C_LANGUAGE_STANDARD = gnu11;
				GCC_DYNAMIC_NO_PIC = NO;
				GCC_NO_COMMON_BLOCKS = YES;
				GCC_OPTIMIZATION_LEVEL = 0;
				GCC_PREPROCESSOR_DEFINITIONS = (
					"DEBUG=1",
					"$(inherited)",
				);
				GCC_WARN_64_TO_32_BIT_CONVERSION = YES;
				GCC_WARN_ABOUT_RETURN_TYPE = YES_ERROR;
				GCC_WARN_UNDECLARED_SELECTOR = YES;
				GCC_WARN_UNINITIALIZED_AUTOS = YES_AGGRESSIVE;
				GCC_WARN_UNUSED_FUNCTION = YES;
				GCC_WARN_UNUSED_VARIABLE = YES;
				MTL_ENABLE_DEBUG_INFO = INCLUDE_SOURCE;
				MTL_FAST_MATH = YES;
				ONLY_ACTIVE_ARCH = YES;
				SWIFT_ACTIVE_COMPILATION_CONDITIONS = DEBUG;
				SWIFT_OPTIMIZATION_LEVEL = "-Onone";
			};
			name = Debug;
		};
		1A26350424A4C589006E2403 /* Release */ = {
			isa = XCBuildConfiguration;
			buildSettings = {
				ALWAYS_SEARCH_USER_PATHS = NO;
				CLANG_ANALYZER_NONNULL = YES;
				CLANG_ANALYZER_NUMBER_OBJECT_CONVERSION = YES_AGGRESSIVE;
				CLANG_CXX_LANGUAGE_STANDARD = "gnu++14";
				CLANG_CXX_LIBRARY = "libc++";
				CLANG_ENABLE_MODULES = YES;
				CLANG_ENABLE_OBJC_ARC = YES;
				CLANG_ENABLE_OBJC_WEAK = YES;
				CLANG_WARN_BLOCK_CAPTURE_AUTORELEASING = YES;
				CLANG_WARN_BOOL_CONVERSION = YES;
				CLANG_WARN_COMMA = YES;
				CLANG_WARN_CONSTANT_CONVERSION = YES;
				CLANG_WARN_DEPRECATED_OBJC_IMPLEMENTATIONS = YES;
				CLANG_WARN_DIRECT_OBJC_ISA_USAGE = YES_ERROR;
				CLANG_WARN_DOCUMENTATION_COMMENTS = YES;
				CLANG_WARN_EMPTY_BODY = YES;
				CLANG_WARN_ENUM_CONVERSION = YES;
				CLANG_WARN_INFINITE_RECURSION = YES;
				CLANG_WARN_INT_CONVERSION = YES;
				CLANG_WARN_NON_LITERAL_NULL_CONVERSION = YES;
				CLANG_WARN_OBJC_IMPLICIT_RETAIN_SELF = YES;
				CLANG_WARN_OBJC_LITERAL_CONVERSION = YES;
				CLANG_WARN_OBJC_ROOT_CLASS = YES_ERROR;
				CLANG_WARN_QUOTED_INCLUDE_IN_FRAMEWORK_HEADER = YES;
				CLANG_WARN_RANGE_LOOP_ANALYSIS = YES;
				CLANG_WARN_STRICT_PROTOTYPES = YES;
				CLANG_WARN_SUSPICIOUS_MOVE = YES;
				CLANG_WARN_UNGUARDED_AVAILABILITY = YES_AGGRESSIVE;
				CLANG_WARN_UNREACHABLE_CODE = YES;
				CLANG_WARN__DUPLICATE_METHOD_MATCH = YES;
				COPY_PHASE_STRIP = NO;
				DEBUG_INFORMATION_FORMAT = "dwarf-with-dsym";
				ENABLE_NS_ASSERTIONS = NO;
				ENABLE_STRICT_OBJC_MSGSEND = YES;
				GCC_C_LANGUAGE_STANDARD = gnu11;
				GCC_NO_COMMON_BLOCKS = YES;
				GCC_WARN_64_TO_32_BIT_CONVERSION = YES;
				GCC_WARN_ABOUT_RETURN_TYPE = YES_ERROR;
				GCC_WARN_UNDECLARED_SELECTOR = YES;
				GCC_WARN_UNINITIALIZED_AUTOS = YES_AGGRESSIVE;
				GCC_WARN_UNUSED_FUNCTION = YES;
				GCC_WARN_UNUSED_VARIABLE = YES;
				MTL_ENABLE_DEBUG_INFO = NO;
				MTL_FAST_MATH = YES;
				SWIFT_COMPILATION_MODE = wholemodule;
				SWIFT_OPTIMIZATION_LEVEL = "-O";
			};
			name = Release;
		};
		1A26350624A4C589006E2403 /* Debug */ = {
			isa = XCBuildConfiguration;
			buildSettings = {
				ASSETCATALOG_COMPILER_APPICON_NAME = AppIcon;
				ASSETCATALOG_COMPILER_GLOBAL_ACCENT_COLOR_NAME = AccentColor;
				CODE_SIGN_STYLE = Automatic;
				DEVELOPMENT_TEAM = 4V947UHTFC;
				ENABLE_PREVIEWS = YES;
				INFOPLIST_FILE = iOS/Info.plist;
				IPHONEOS_DEPLOYMENT_TARGET = 14.0;
				LD_RUNPATH_SEARCH_PATHS = (
					"$(inherited)",
					"@executable_path/Frameworks",
				);
				PRODUCT_BUNDLE_IDENTIFIER = com.mcousillas.PunchCard;
				PRODUCT_NAME = PunchCard;
				SDKROOT = iphoneos;
				SWIFT_VERSION = 5.0;
				TARGETED_DEVICE_FAMILY = "1,2";
			};
			name = Debug;
		};
		1A26350724A4C589006E2403 /* Release */ = {
			isa = XCBuildConfiguration;
			buildSettings = {
				ASSETCATALOG_COMPILER_APPICON_NAME = AppIcon;
				ASSETCATALOG_COMPILER_GLOBAL_ACCENT_COLOR_NAME = AccentColor;
				CODE_SIGN_STYLE = Automatic;
				DEVELOPMENT_TEAM = 4V947UHTFC;
				ENABLE_PREVIEWS = YES;
				INFOPLIST_FILE = iOS/Info.plist;
				IPHONEOS_DEPLOYMENT_TARGET = 14.0;
				LD_RUNPATH_SEARCH_PATHS = (
					"$(inherited)",
					"@executable_path/Frameworks",
				);
				PRODUCT_BUNDLE_IDENTIFIER = com.mcousillas.PunchCard;
				PRODUCT_NAME = PunchCard;
				SDKROOT = iphoneos;
				SWIFT_VERSION = 5.0;
				TARGETED_DEVICE_FAMILY = "1,2";
				VALIDATE_PRODUCT = YES;
			};
			name = Release;
		};
		1A26350924A4C589006E2403 /* Debug */ = {
			isa = XCBuildConfiguration;
			buildSettings = {
				ASSETCATALOG_COMPILER_APPICON_NAME = AppIcon;
				ASSETCATALOG_COMPILER_GLOBAL_ACCENT_COLOR_NAME = AccentColor;
				CODE_SIGN_ENTITLEMENTS = macOS/macOS.entitlements;
				CODE_SIGN_STYLE = Automatic;
				COMBINE_HIDPI_IMAGES = YES;
				DEVELOPMENT_TEAM = 4V947UHTFC;
				ENABLE_HARDENED_RUNTIME = YES;
				ENABLE_PREVIEWS = YES;
				INFOPLIST_FILE = macOS/Info.plist;
				LD_RUNPATH_SEARCH_PATHS = (
					"$(inherited)",
					"@executable_path/../Frameworks",
				);
				MACOSX_DEPLOYMENT_TARGET = 10.16;
				PRODUCT_BUNDLE_IDENTIFIER = com.mcousillas.PunchCard;
				PRODUCT_NAME = PunchCard;
				SDKROOT = macosx;
				SWIFT_VERSION = 5.0;
			};
			name = Debug;
		};
		1A26350A24A4C589006E2403 /* Release */ = {
			isa = XCBuildConfiguration;
			buildSettings = {
				ASSETCATALOG_COMPILER_APPICON_NAME = AppIcon;
				ASSETCATALOG_COMPILER_GLOBAL_ACCENT_COLOR_NAME = AccentColor;
				CODE_SIGN_ENTITLEMENTS = macOS/macOS.entitlements;
				CODE_SIGN_STYLE = Automatic;
				COMBINE_HIDPI_IMAGES = YES;
				DEVELOPMENT_TEAM = 4V947UHTFC;
				ENABLE_HARDENED_RUNTIME = YES;
				ENABLE_PREVIEWS = YES;
				INFOPLIST_FILE = macOS/Info.plist;
				LD_RUNPATH_SEARCH_PATHS = (
					"$(inherited)",
					"@executable_path/../Frameworks",
				);
				MACOSX_DEPLOYMENT_TARGET = 10.16;
				PRODUCT_BUNDLE_IDENTIFIER = com.mcousillas.PunchCard;
				PRODUCT_NAME = PunchCard;
				SDKROOT = macosx;
				SWIFT_VERSION = 5.0;
			};
			name = Release;
		};
		1A26350C24A4C589006E2403 /* Debug */ = {
			isa = XCBuildConfiguration;
			buildSettings = {
				ALWAYS_EMBED_SWIFT_STANDARD_LIBRARIES = YES;
				CODE_SIGN_STYLE = Automatic;
				DEVELOPMENT_TEAM = 4V947UHTFC;
				INFOPLIST_FILE = "Tests iOS/Info.plist";
				IPHONEOS_DEPLOYMENT_TARGET = 14.0;
				LD_RUNPATH_SEARCH_PATHS = (
					"$(inherited)",
					"@executable_path/Frameworks",
					"@loader_path/Frameworks",
				);
				PRODUCT_BUNDLE_IDENTIFIER = "com.mcousillas.Tests-iOS";
				PRODUCT_NAME = "$(TARGET_NAME)";
				SDKROOT = iphoneos;
				SWIFT_VERSION = 5.0;
				TARGETED_DEVICE_FAMILY = "1,2";
				TEST_TARGET_NAME = iOS;
			};
			name = Debug;
		};
		1A26350D24A4C589006E2403 /* Release */ = {
			isa = XCBuildConfiguration;
			buildSettings = {
				ALWAYS_EMBED_SWIFT_STANDARD_LIBRARIES = YES;
				CODE_SIGN_STYLE = Automatic;
				DEVELOPMENT_TEAM = 4V947UHTFC;
				INFOPLIST_FILE = "Tests iOS/Info.plist";
				IPHONEOS_DEPLOYMENT_TARGET = 14.0;
				LD_RUNPATH_SEARCH_PATHS = (
					"$(inherited)",
					"@executable_path/Frameworks",
					"@loader_path/Frameworks",
				);
				PRODUCT_BUNDLE_IDENTIFIER = "com.mcousillas.Tests-iOS";
				PRODUCT_NAME = "$(TARGET_NAME)";
				SDKROOT = iphoneos;
				SWIFT_VERSION = 5.0;
				TARGETED_DEVICE_FAMILY = "1,2";
				TEST_TARGET_NAME = iOS;
				VALIDATE_PRODUCT = YES;
			};
			name = Release;
		};
		1A26350F24A4C589006E2403 /* Debug */ = {
			isa = XCBuildConfiguration;
			buildSettings = {
				ALWAYS_EMBED_SWIFT_STANDARD_LIBRARIES = YES;
				CODE_SIGN_STYLE = Automatic;
				COMBINE_HIDPI_IMAGES = YES;
				DEVELOPMENT_TEAM = 4V947UHTFC;
				INFOPLIST_FILE = "Tests macOS/Info.plist";
				LD_RUNPATH_SEARCH_PATHS = (
					"$(inherited)",
					"@executable_path/../Frameworks",
					"@loader_path/../Frameworks",
				);
				MACOSX_DEPLOYMENT_TARGET = 10.15;
				PRODUCT_BUNDLE_IDENTIFIER = "com.mcousillas.Tests-macOS";
				PRODUCT_NAME = "$(TARGET_NAME)";
				SDKROOT = macosx;
				SWIFT_VERSION = 5.0;
				TEST_TARGET_NAME = macOS;
			};
			name = Debug;
		};
		1A26351024A4C589006E2403 /* Release */ = {
			isa = XCBuildConfiguration;
			buildSettings = {
				ALWAYS_EMBED_SWIFT_STANDARD_LIBRARIES = YES;
				CODE_SIGN_STYLE = Automatic;
				COMBINE_HIDPI_IMAGES = YES;
				DEVELOPMENT_TEAM = 4V947UHTFC;
				INFOPLIST_FILE = "Tests macOS/Info.plist";
				LD_RUNPATH_SEARCH_PATHS = (
					"$(inherited)",
					"@executable_path/../Frameworks",
					"@loader_path/../Frameworks",
				);
				MACOSX_DEPLOYMENT_TARGET = 10.15;
				PRODUCT_BUNDLE_IDENTIFIER = "com.mcousillas.Tests-macOS";
				PRODUCT_NAME = "$(TARGET_NAME)";
				SDKROOT = macosx;
				SWIFT_VERSION = 5.0;
				TEST_TARGET_NAME = macOS;
			};
			name = Release;
		};
/* End XCBuildConfiguration section */

/* Begin XCConfigurationList section */
		1A2634D224A4C588006E2403 /* Build configuration list for PBXProject "PunchCard" */ = {
			isa = XCConfigurationList;
			buildConfigurations = (
				1A26350324A4C589006E2403 /* Debug */,
				1A26350424A4C589006E2403 /* Release */,
			);
			defaultConfigurationIsVisible = 0;
			defaultConfigurationName = Release;
		};
		1A26350524A4C589006E2403 /* Build configuration list for PBXNativeTarget "iOS" */ = {
			isa = XCConfigurationList;
			buildConfigurations = (
				1A26350624A4C589006E2403 /* Debug */,
				1A26350724A4C589006E2403 /* Release */,
			);
			defaultConfigurationIsVisible = 0;
			defaultConfigurationName = Release;
		};
		1A26350824A4C589006E2403 /* Build configuration list for PBXNativeTarget "macOS" */ = {
			isa = XCConfigurationList;
			buildConfigurations = (
				1A26350924A4C589006E2403 /* Debug */,
				1A26350A24A4C589006E2403 /* Release */,
			);
			defaultConfigurationIsVisible = 0;
			defaultConfigurationName = Release;
		};
		1A26350B24A4C589006E2403 /* Build configuration list for PBXNativeTarget "Tests iOS" */ = {
			isa = XCConfigurationList;
			buildConfigurations = (
				1A26350C24A4C589006E2403 /* Debug */,
				1A26350D24A4C589006E2403 /* Release */,
			);
			defaultConfigurationIsVisible = 0;
			defaultConfigurationName = Release;
		};
		1A26350E24A4C589006E2403 /* Build configuration list for PBXNativeTarget "Tests macOS" */ = {
			isa = XCConfigurationList;
			buildConfigurations = (
				1A26350F24A4C589006E2403 /* Debug */,
				1A26351024A4C589006E2403 /* Release */,
			);
			defaultConfigurationIsVisible = 0;
			defaultConfigurationName = Release;
		};
/* End XCConfigurationList section */
	};
	rootObject = 1A2634CF24A4C588006E2403 /* Project object */;
}
